
Microsoft Visual Studio Solution File, Format Version 12.00
# Visual Studio 14
VisualStudioVersion = 14.0.25420.1
MinimumVisualStudioVersion = 10.0.40219.1
Project("{FAE04EC0-301F-11D3-BF4B-00C04F79EFBC}") = "PartyInvites", "First MVC Apps\PartyInvites\PartyInvites.csproj", "{5988F3ED-3C04-42B9-B8D7-FC89A03C795B}"
EndProject
Project("{FAE04EC0-301F-11D3-BF4B-00C04F79EFBC}") = "LanguageFeatures", "LanguageFeatures\LanguageFeatures\LanguageFeatures\LanguageFeatures.csproj", "{B58D7330-BCCA-4937-A967-A7292B8C23C0}"
EndProject
Project("{FAE04EC0-301F-11D3-BF4B-00C04F79EFBC}") = "WorkingWithRaizor", "WorkingWithRaizor\WorkingWithRaizor.csproj", "{0D7A505A-DC5C-496D-A6AB-CD0D28D31809}"
EndProject
Project("{FAE04EC0-301F-11D3-BF4B-00C04F79EFBC}") = "SportsStore_Domain", "SportsStore_Domain\SportsStore_Domain.csproj", "{7FBF3A26-4C3F-484A-B7C8-D2F58F751808}"
EndProject
Project("{FAE04EC0-301F-11D3-BF4B-00C04F79EFBC}") = "SportStore_UnitTest", "SportStore_UnitTest\SportStore_UnitTest.csproj", "{99B131A0-025D-4EE9-A496-94873D89CAE4}"
EndProject
Project("{FAE04EC0-301F-11D3-BF4B-00C04F79EFBC}") = "SportsStore_WebUI", "SportsStore_WebUI\SportsStore_WebUI.csproj", "{87D3206B-BB03-4740-A3BA-4F5D5A9B7E2C}"
EndProject
Global
	GlobalSection(SolutionConfigurationPlatforms) = preSolution
		Debug|Any CPU = Debug|Any CPU
		Release|Any CPU = Release|Any CPU
	EndGlobalSection
	GlobalSection(ProjectConfigurationPlatforms) = postSolution
		{5988F3ED-3C04-42B9-B8D7-FC89A03C795B}.Debug|Any CPU.ActiveCfg = Debug|Any CPU
		{5988F3ED-3C04-42B9-B8D7-FC89A03C795B}.Debug|Any CPU.Build.0 = Debug|Any CPU
		{5988F3ED-3C04-42B9-B8D7-FC89A03C795B}.Release|Any CPU.ActiveCfg = Release|Any CPU
		{5988F3ED-3C04-42B9-B8D7-FC89A03C795B}.Release|Any CPU.Build.0 = Release|Any CPU
		{B58D7330-BCCA-4937-A967-A7292B8C23C0}.Debug|Any CPU.ActiveCfg = Debug|Any CPU
		{B58D7330-BCCA-4937-A967-A7292B8C23C0}.Debug|Any CPU.Build.0 = Debug|Any CPU
		{B58D7330-BCCA-4937-A967-A7292B8C23C0}.Release|Any CPU.ActiveCfg = Release|Any CPU
		{B58D7330-BCCA-4937-A967-A7292B8C23C0}.Release|Any CPU.Build.0 = Release|Any CPU
		{0D7A505A-DC5C-496D-A6AB-CD0D28D31809}.Debug|Any CPU.ActiveCfg = Debug|Any CPU
		{0D7A505A-DC5C-496D-A6AB-CD0D28D31809}.Debug|Any CPU.Build.0 = Debug|Any CPU
		{0D7A505A-DC5C-496D-A6AB-CD0D28D31809}.Release|Any CPU.ActiveCfg = Release|Any CPU
		{0D7A505A-DC5C-496D-A6AB-CD0D28D31809}.Release|Any CPU.Build.0 = Release|Any CPU
		{7FBF3A26-4C3F-484A-B7C8-D2F58F751808}.Debug|Any CPU.ActiveCfg = Debug|Any CPU
		{7FBF3A26-4C3F-484A-B7C8-D2F58F751808}.Debug|Any CPU.Build.0 = Debug|Any CPU
		{7FBF3A26-4C3F-484A-B7C8-D2F58F751808}.Release|Any CPU.ActiveCfg = Release|Any CPU
		{7FBF3A26-4C3F-484A-B7C8-D2F58F751808}.Release|Any CPU.Build.0 = Release|Any CPU
		{99B131A0-025D-4EE9-A496-94873D89CAE4}.Debug|Any CPU.ActiveCfg = Debug|Any CPU
		{99B131A0-025D-4EE9-A496-94873D89CAE4}.Debug|Any CPU.Build.0 = Debug|Any CPU
		{99B131A0-025D-4EE9-A496-94873D89CAE4}.Release|Any CPU.ActiveCfg = Release|Any CPU
		{99B131A0-025D-4EE9-A496-94873D89CAE4}.Release|Any CPU.Build.0 = Release|Any CPU
		{87D3206B-BB03-4740-A3BA-4F5D5A9B7E2C}.Debug|Any CPU.ActiveCfg = Debug|Any CPU
		{87D3206B-BB03-4740-A3BA-4F5D5A9B7E2C}.Debug|Any CPU.Build.0 = Debug|Any CPU
		{87D3206B-BB03-4740-A3BA-4F5D5A9B7E2C}.Release|Any CPU.ActiveCfg = Release|Any CPU
		{87D3206B-BB03-4740-A3BA-4F5D5A9B7E2C}.Release|Any CPU.Build.0 = Release|Any CPU
	EndGlobalSection
	GlobalSection(SolutionProperties) = preSolution
		HideSolutionNode = FALSE
	EndGlobalSection
EndGlobal
